
Microsoft Visual Studio Solution File, Format Version 12.00
# Visual Studio Version 17
VisualStudioVersion = 17.2.32616.157
MinimumVisualStudioVersion = 10.0.40219.1
Project("{9A19103F-16F7-4668-BE54-9A1E7A4F7556}") = "GameLib", "GameLib\GameLib.csproj", "{D8D50A18-3827-4714-94A7-F1870AB4BA82}"
EndProject
Project("{9A19103F-16F7-4668-BE54-9A1E7A4F7556}") = "GameLib.Demo.Console", "GameLib.Demo\GameLib.Demo.Console\GameLib.Demo.Console.csproj", "{5754D254-EB51-4F11-AABD-81FCF238AE66}"
EndProject
Project("{9A19103F-16F7-4668-BE54-9A1E7A4F7556}") = "GameLib.Plugin.Steam", "GameLib.Plugin\GameLib.Plugin.Steam\GameLib.Plugin.Steam.csproj", "{DC914563-2776-4290-AE89-677D358187DE}"
EndProject
Project("{9A19103F-16F7-4668-BE54-9A1E7A4F7556}") = "GameLib.Plugin.Gog", "GameLib.Plugin\GameLib.Plugin.Gog\GameLib.Plugin.Gog.csproj", "{F0705DC8-7720-481C-96EF-749B2FFF4E41}"
EndProject
Project("{9A19103F-16F7-4668-BE54-9A1E7A4F7556}") = "GameLib.Plugin.Ubisoft", "GameLib.Plugin\GameLib.Plugin.Ubisoft\GameLib.Plugin.Ubisoft.csproj", "{F8AB3EE4-D877-4A78-8C06-A237795CC241}"
EndProject
Project("{9A19103F-16F7-4668-BE54-9A1E7A4F7556}") = "GameLib.Plugin.Origin", "GameLib.Plugin\GameLib.Plugin.Origin\GameLib.Plugin.Origin.csproj", "{B71C2D77-A99B-410E-81E5-69182E1E2FEC}"
EndProject
Project("{9A19103F-16F7-4668-BE54-9A1E7A4F7556}") = "GameLib.Plugin.Epic", "GameLib.Plugin\GameLib.Plugin.Epic\GameLib.Plugin.Epic.csproj", "{3119A573-2CB1-4DD9-A703-83E89485391C}"
EndProject
Project("{9A19103F-16F7-4668-BE54-9A1E7A4F7556}") = "GameLib.Core", "GameLib.Core\GameLib.Core.csproj", "{FBB6130A-2055-4B08-9AE9-5640E02D17A5}"
EndProject
Project("{9A19103F-16F7-4668-BE54-9A1E7A4F7556}") = "GameLib.Demo.Wpf", "GameLib.Demo\GameLib.Demo.Wpf\GameLib.Demo.Wpf.csproj", "{273BB7F0-6AFD-4B0F-A1CF-DBB4E0797BFA}"
EndProject
Project("{9A19103F-16F7-4668-BE54-9A1E7A4F7556}") = "GameLib.Plugin.BattleNet", "GameLib.Plugin\GameLib.Plugin.BattleNet\GameLib.Plugin.BattleNet.csproj", "{9629FF2C-928F-49C8-9EB6-306BDFA85F4A}"
EndProject
Project("{9A19103F-16F7-4668-BE54-9A1E7A4F7556}") = "GameLib.Plugin.Rockstar", "GameLib.Plugin\GameLib.Plugin.Rockstar\GameLib.Plugin.Rockstar.csproj", "{F939BDF8-A0BE-4933-AF20-C0705A699433}"
EndProject
Project("{FAE04EC0-301F-11D3-BF4B-00C04F79EFBC}") = "GameLib.Plugin.RiotGames", "GameLib.Plugin\GameLib.Plugin.RiotGames\GameLib.Plugin.RiotGames.csproj", "{C357DFFA-DFF3-47C1-9939-45BA6875EE81}"
EndProject
Global
	GlobalSection(SolutionConfigurationPlatforms) = preSolution
		Debug|Any CPU = Debug|Any CPU
		Release|Any CPU = Release|Any CPU
	EndGlobalSection
	GlobalSection(ProjectConfigurationPlatforms) = postSolution
		{D8D50A18-3827-4714-94A7-F1870AB4BA82}.Debug|Any CPU.ActiveCfg = Debug|Any CPU
		{D8D50A18-3827-4714-94A7-F1870AB4BA82}.Debug|Any CPU.Build.0 = Debug|Any CPU
		{D8D50A18-3827-4714-94A7-F1870AB4BA82}.Release|Any CPU.ActiveCfg = Release|Any CPU
		{D8D50A18-3827-4714-94A7-F1870AB4BA82}.Release|Any CPU.Build.0 = Release|Any CPU
		{5754D254-EB51-4F11-AABD-81FCF238AE66}.Debug|Any CPU.ActiveCfg = Debug|Any CPU
		{5754D254-EB51-4F11-AABD-81FCF238AE66}.Debug|Any CPU.Build.0 = Debug|Any CPU
		{5754D254-EB51-4F11-AABD-81FCF238AE66}.Release|Any CPU.ActiveCfg = Release|Any CPU
		{5754D254-EB51-4F11-AABD-81FCF238AE66}.Release|Any CPU.Build.0 = Release|Any CPU
		{DC914563-2776-4290-AE89-677D358187DE}.Debug|Any CPU.ActiveCfg = Debug|Any CPU
		{DC914563-2776-4290-AE89-677D358187DE}.Debug|Any CPU.Build.0 = Debug|Any CPU
		{DC914563-2776-4290-AE89-677D358187DE}.Release|Any CPU.ActiveCfg = Release|Any CPU
		{DC914563-2776-4290-AE89-677D358187DE}.Release|Any CPU.Build.0 = Release|Any CPU
		{F0705DC8-7720-481C-96EF-749B2FFF4E41}.Debug|Any CPU.ActiveCfg = Debug|Any CPU
		{F0705DC8-7720-481C-96EF-749B2FFF4E41}.Debug|Any CPU.Build.0 = Debug|Any CPU
		{F0705DC8-7720-481C-96EF-749B2FFF4E41}.Release|Any CPU.ActiveCfg = Release|Any CPU
		{F0705DC8-7720-481C-96EF-749B2FFF4E41}.Release|Any CPU.Build.0 = Release|Any CPU
		{F8AB3EE4-D877-4A78-8C06-A237795CC241}.Debug|Any CPU.ActiveCfg = Debug|Any CPU
		{F8AB3EE4-D877-4A78-8C06-A237795CC241}.Debug|Any CPU.Build.0 = Debug|Any CPU
		{F8AB3EE4-D877-4A78-8C06-A237795CC241}.Release|Any CPU.ActiveCfg = Release|Any CPU
		{F8AB3EE4-D877-4A78-8C06-A237795CC241}.Release|Any CPU.Build.0 = Release|Any CPU
		{B71C2D77-A99B-410E-81E5-69182E1E2FEC}.Debug|Any CPU.ActiveCfg = Debug|Any CPU
		{B71C2D77-A99B-410E-81E5-69182E1E2FEC}.Debug|Any CPU.Build.0 = Debug|Any CPU
		{B71C2D77-A99B-410E-81E5-69182E1E2FEC}.Release|Any CPU.ActiveCfg = Release|Any CPU
		{B71C2D77-A99B-410E-81E5-69182E1E2FEC}.Release|Any CPU.Build.0 = Release|Any CPU
		{3119A573-2CB1-4DD9-A703-83E89485391C}.Debug|Any CPU.ActiveCfg = Debug|Any CPU
		{3119A573-2CB1-4DD9-A703-83E89485391C}.Debug|Any CPU.Build.0 = Debug|Any CPU
		{3119A573-2CB1-4DD9-A703-83E89485391C}.Release|Any CPU.ActiveCfg = Release|Any CPU
		{3119A573-2CB1-4DD9-A703-83E89485391C}.Release|Any CPU.Build.0 = Release|Any CPU
		{FBB6130A-2055-4B08-9AE9-5640E02D17A5}.Debug|Any CPU.ActiveCfg = Debug|Any CPU
		{FBB6130A-2055-4B08-9AE9-5640E02D17A5}.Debug|Any CPU.Build.0 = Debug|Any CPU
		{FBB6130A-2055-4B08-9AE9-5640E02D17A5}.Release|Any CPU.ActiveCfg = Release|Any CPU
		{FBB6130A-2055-4B08-9AE9-5640E02D17A5}.Release|Any CPU.Build.0 = Release|Any CPU
		{273BB7F0-6AFD-4B0F-A1CF-DBB4E0797BFA}.Debug|Any CPU.ActiveCfg = Debug|Any CPU
		{273BB7F0-6AFD-4B0F-A1CF-DBB4E0797BFA}.Debug|Any CPU.Build.0 = Debug|Any CPU
		{273BB7F0-6AFD-4B0F-A1CF-DBB4E0797BFA}.Release|Any CPU.ActiveCfg = Release|Any CPU
		{273BB7F0-6AFD-4B0F-A1CF-DBB4E0797BFA}.Release|Any CPU.Build.0 = Release|Any CPU
		{9629FF2C-928F-49C8-9EB6-306BDFA85F4A}.Debug|Any CPU.ActiveCfg = Debug|Any CPU
		{9629FF2C-928F-49C8-9EB6-306BDFA85F4A}.Debug|Any CPU.Build.0 = Debug|Any CPU
		{9629FF2C-928F-49C8-9EB6-306BDFA85F4A}.Release|Any CPU.ActiveCfg = Release|Any CPU
		{9629FF2C-928F-49C8-9EB6-306BDFA85F4A}.Release|Any CPU.Build.0 = Release|Any CPU
		{F939BDF8-A0BE-4933-AF20-C0705A699433}.Debug|Any CPU.ActiveCfg = Debug|Any CPU
		{F939BDF8-A0BE-4933-AF20-C0705A699433}.Debug|Any CPU.Build.0 = Debug|Any CPU
		{F939BDF8-A0BE-4933-AF20-C0705A699433}.Release|Any CPU.ActiveCfg = Release|Any CPU
		{F939BDF8-A0BE-4933-AF20-C0705A699433}.Release|Any CPU.Build.0 = Release|Any CPU
		{C357DFFA-DFF3-47C1-9939-45BA6875EE81}.Debug|Any CPU.ActiveCfg = Debug|Any CPU
		{C357DFFA-DFF3-47C1-9939-45BA6875EE81}.Debug|Any CPU.Build.0 = Debug|Any CPU
		{C357DFFA-DFF3-47C1-9939-45BA6875EE81}.Release|Any CPU.ActiveCfg = Release|Any CPU
		{C357DFFA-DFF3-47C1-9939-45BA6875EE81}.Release|Any CPU.Build.0 = Release|Any CPU
	EndGlobalSection
	GlobalSection(SolutionProperties) = preSolution
		HideSolutionNode = FALSE
	EndGlobalSection
	GlobalSection(ExtensibilityGlobals) = postSolution
		SolutionGuid = {3CCF602C-1571-47EB-8113-7836426F3E40}
	EndGlobalSection
EndGlobal
